
Microsoft Visual Studio Solution File, Format Version 12.00
# Visual Studio Version 16
VisualStudioVersion = 16.0.29806.167
MinimumVisualStudioVersion = 10.0.40219.1
Project("{FAE04EC0-301F-11D3-BF4B-00C04F79EFBC}") = "myCRM_UI", "myCRM\myCRM_UI.csproj", "{01E735E1-2890-4423-A4EC-6D01C6DC9E04}"
	ProjectSection(ProjectDependencies) = postProject
		{F5515D5D-B974-42F0-AC08-363D12C81A00} = {F5515D5D-B974-42F0-AC08-363D12C81A00}
	EndProjectSection
EndProject
Project("{FAE04EC0-301F-11D3-BF4B-00C04F79EFBC}") = "myCRM_BL", "myCRM_BL\myCRM_BL.csproj", "{F5515D5D-B974-42F0-AC08-363D12C81A00}"
EndProject
Global
	GlobalSection(SolutionConfigurationPlatforms) = preSolution
		Debug|Any CPU = Debug|Any CPU
		Release|Any CPU = Release|Any CPU
	EndGlobalSection
	GlobalSection(ProjectConfigurationPlatforms) = postSolution
		{01E735E1-2890-4423-A4EC-6D01C6DC9E04}.Debug|Any CPU.ActiveCfg = Debug|Any CPU
		{01E735E1-2890-4423-A4EC-6D01C6DC9E04}.Debug|Any CPU.Build.0 = Debug|Any CPU
		{01E735E1-2890-4423-A4EC-6D01C6DC9E04}.Release|Any CPU.ActiveCfg = Release|Any CPU
		{01E735E1-2890-4423-A4EC-6D01C6DC9E04}.Release|Any CPU.Build.0 = Release|Any CPU
		{F5515D5D-B974-42F0-AC08-363D12C81A00}.Debug|Any CPU.ActiveCfg = Debug|Any CPU
		{F5515D5D-B974-42F0-AC08-363D12C81A00}.Debug|Any CPU.Build.0 = Debug|Any CPU
		{F5515D5D-B974-42F0-AC08-363D12C81A00}.Release|Any CPU.ActiveCfg = Release|Any CPU
		{F5515D5D-B974-42F0-AC08-363D12C81A00}.Release|Any CPU.Build.0 = Release|Any CPU
	EndGlobalSection
	GlobalSection(SolutionProperties) = preSolution
		HideSolutionNode = FALSE
	EndGlobalSection
	GlobalSection(ExtensibilityGlobals) = postSolution
		SolutionGuid = {21AA6636-2E9A-4654-B389-E0AD6C8BEAF5}
	EndGlobalSection
EndGlobal
